// !$*UTF8*$!
{
	archiveVersion = 1;
	classes = {
	};
	objectVersion = 55;
	objects = {

/* Begin PBXBuildFile section */
		BA02674B291168550062D231 /* BaseCoordinator.swift in Sources */ = {isa = PBXBuildFile; fileRef = BA02674A291168550062D231 /* BaseCoordinator.swift */; };
		BA02674D291169050062D231 /* BaseViewController.swift in Sources */ = {isa = PBXBuildFile; fileRef = BA02674C291169050062D231 /* BaseViewController.swift */; };
		BA02674F29116D940062D231 /* AppCoordinator.swift in Sources */ = {isa = PBXBuildFile; fileRef = BA02674E29116D940062D231 /* AppCoordinator.swift */; };
		BA3CFB6128D2074400F097E1 /* SnapShotModel.swift in Sources */ = {isa = PBXBuildFile; fileRef = BA3CFB6028D2074400F097E1 /* SnapShotModel.swift */; };
		BA3CFB6428D20C4200F097E1 /* RxCocoa in Frameworks */ = {isa = PBXBuildFile; productRef = BA3CFB6328D20C4200F097E1 /* RxCocoa */; };
		BA3CFB6628D20C4200F097E1 /* RxSwift in Frameworks */ = {isa = PBXBuildFile; productRef = BA3CFB6528D20C4200F097E1 /* RxSwift */; };
		BA6D0F6528AE217900F1EF31 /* FlipItemViewModel.swift in Sources */ = {isa = PBXBuildFile; fileRef = BA6D0F6428AE217900F1EF31 /* FlipItemViewModel.swift */; };
		BA6D0F6728AE30B500F1EF31 /* FlipAnimationViewModel.swift in Sources */ = {isa = PBXBuildFile; fileRef = BA6D0F6628AE30B500F1EF31 /* FlipAnimationViewModel.swift */; };
		BA77EF882898F03F005CF4F6 /* SettingTableViewCell.swift in Sources */ = {isa = PBXBuildFile; fileRef = BA77EF872898F03F005CF4F6 /* SettingTableViewCell.swift */; };
		BA77EF8A2898F4E4005CF4F6 /* SettingsViewModel.swift in Sources */ = {isa = PBXBuildFile; fileRef = BA77EF892898F4E4005CF4F6 /* SettingsViewModel.swift */; };
		BA77EF8D28995550005CF4F6 /* ThemeViewController.swift in Sources */ = {isa = PBXBuildFile; fileRef = BA77EF8C28995550005CF4F6 /* ThemeViewController.swift */; };
		BA77EF8F289A0DEC005CF4F6 /* ThemeCoordinator.swift in Sources */ = {isa = PBXBuildFile; fileRef = BA77EF8E289A0DEC005CF4F6 /* ThemeCoordinator.swift */; };
		BA77EF91289A21FC005CF4F6 /* ThemeViewModel.swift in Sources */ = {isa = PBXBuildFile; fileRef = BA77EF90289A21FC005CF4F6 /* ThemeViewModel.swift */; };
		BA77EF93289A23D8005CF4F6 /* ThemeTableViewCell.swift in Sources */ = {isa = PBXBuildFile; fileRef = BA77EF92289A23D8005CF4F6 /* ThemeTableViewCell.swift */; };
		BA7ECC1E287473F000511694 /* SnapKit in Frameworks */ = {isa = PBXBuildFile; productRef = BA7ECC1D287473F000511694 /* SnapKit */; };
		BA7ECC2128747BBD00511694 /* Then in Frameworks */ = {isa = PBXBuildFile; productRef = BA7ECC2028747BBD00511694 /* Then */; };
		BA7ECC232875293100511694 /* FlipView.swift in Sources */ = {isa = PBXBuildFile; fileRef = BA7ECC222875293100511694 /* FlipView.swift */; };
		BA7ECC2528754CA600511694 /* FlipClockView.swift in Sources */ = {isa = PBXBuildFile; fileRef = BA7ECC2428754CA600511694 /* FlipClockView.swift */; };
		BA7ECC2928757D4200511694 /* Coordinator.swift in Sources */ = {isa = PBXBuildFile; fileRef = BA7ECC2828757D4200511694 /* Coordinator.swift */; };
		BA7ECC2B28757D8A00511694 /* MainCoordinator.swift in Sources */ = {isa = PBXBuildFile; fileRef = BA7ECC2A28757D8A00511694 /* MainCoordinator.swift */; };
		BA7ECC2E28759CB200511694 /* SettingsViewController.swift in Sources */ = {isa = PBXBuildFile; fileRef = BA7ECC2D28759CB200511694 /* SettingsViewController.swift */; };
		BA7ECC312875A04D00511694 /* SettingCoordinator.swift in Sources */ = {isa = PBXBuildFile; fileRef = BA7ECC302875A04D00511694 /* SettingCoordinator.swift */; };
		BA95DE0B28671BDD00041A30 /* AppDelegate.swift in Sources */ = {isa = PBXBuildFile; fileRef = BA95DE0A28671BDD00041A30 /* AppDelegate.swift */; };
		BA95DE0D28671BDD00041A30 /* SceneDelegate.swift in Sources */ = {isa = PBXBuildFile; fileRef = BA95DE0C28671BDD00041A30 /* SceneDelegate.swift */; };
		BA95DE0F28671BDD00041A30 /* ViewController.swift in Sources */ = {isa = PBXBuildFile; fileRef = BA95DE0E28671BDD00041A30 /* ViewController.swift */; };
		BA95DE1428671BDE00041A30 /* Assets.xcassets in Resources */ = {isa = PBXBuildFile; fileRef = BA95DE1328671BDE00041A30 /* Assets.xcassets */; };
		BA95DE1728671BDE00041A30 /* LaunchScreen.storyboard in Resources */ = {isa = PBXBuildFile; fileRef = BA95DE1528671BDE00041A30 /* LaunchScreen.storyboard */; };
		BA95DE1F28671EFA00041A30 /* FlipItem.swift in Sources */ = {isa = PBXBuildFile; fileRef = BA95DE1E28671EFA00041A30 /* FlipItem.swift */; };
		BAA57DDD28DDFBE500F10197 /* Theme.swift in Sources */ = {isa = PBXBuildFile; fileRef = BAA57DDC28DDFBE500F10197 /* Theme.swift */; };
		BAA743E928F6E3C400B9A768 /* ThemeHeaderView.swift in Sources */ = {isa = PBXBuildFile; fileRef = BAA743E828F6E3C400B9A768 /* ThemeHeaderView.swift */; };
		BAB686C1289AC3F3007D9F77 /* UIColor.swift in Sources */ = {isa = PBXBuildFile; fileRef = BAB686C0289AC3F3007D9F77 /* UIColor.swift */; };
		BAB686C3289AD754007D9F77 /* UserDefaults.swift in Sources */ = {isa = PBXBuildFile; fileRef = BAB686C2289AD754007D9F77 /* UserDefaults.swift */; };
/* End PBXBuildFile section */

/* Begin PBXFileReference section */
		BA02674A291168550062D231 /* BaseCoordinator.swift */ = {isa = PBXFileReference; lastKnownFileType = sourcecode.swift; path = BaseCoordinator.swift; sourceTree = "<group>"; };
		BA02674C291169050062D231 /* BaseViewController.swift */ = {isa = PBXFileReference; lastKnownFileType = sourcecode.swift; path = BaseViewController.swift; sourceTree = "<group>"; };
		BA02674E29116D940062D231 /* AppCoordinator.swift */ = {isa = PBXFileReference; lastKnownFileType = sourcecode.swift; path = AppCoordinator.swift; sourceTree = "<group>"; };
		BA3CFB6028D2074400F097E1 /* SnapShotModel.swift */ = {isa = PBXFileReference; lastKnownFileType = sourcecode.swift; path = SnapShotModel.swift; sourceTree = "<group>"; };
		BA6D0F6428AE217900F1EF31 /* FlipItemViewModel.swift */ = {isa = PBXFileReference; lastKnownFileType = sourcecode.swift; path = FlipItemViewModel.swift; sourceTree = "<group>"; };
		BA6D0F6628AE30B500F1EF31 /* FlipAnimationViewModel.swift */ = {isa = PBXFileReference; lastKnownFileType = sourcecode.swift; path = FlipAnimationViewModel.swift; sourceTree = "<group>"; };
		BA77EF872898F03F005CF4F6 /* SettingTableViewCell.swift */ = {isa = PBXFileReference; lastKnownFileType = sourcecode.swift; path = SettingTableViewCell.swift; sourceTree = "<group>"; };
		BA77EF892898F4E4005CF4F6 /* SettingsViewModel.swift */ = {isa = PBXFileReference; lastKnownFileType = sourcecode.swift; path = SettingsViewModel.swift; sourceTree = "<group>"; };
		BA77EF8C28995550005CF4F6 /* ThemeViewController.swift */ = {isa = PBXFileReference; lastKnownFileType = sourcecode.swift; path = ThemeViewController.swift; sourceTree = "<group>"; };
		BA77EF8E289A0DEC005CF4F6 /* ThemeCoordinator.swift */ = {isa = PBXFileReference; lastKnownFileType = sourcecode.swift; path = ThemeCoordinator.swift; sourceTree = "<group>"; };
		BA77EF90289A21FC005CF4F6 /* ThemeViewModel.swift */ = {isa = PBXFileReference; lastKnownFileType = sourcecode.swift; path = ThemeViewModel.swift; sourceTree = "<group>"; };
		BA77EF92289A23D8005CF4F6 /* ThemeTableViewCell.swift */ = {isa = PBXFileReference; lastKnownFileType = sourcecode.swift; path = ThemeTableViewCell.swift; sourceTree = "<group>"; };
		BA7ECC222875293100511694 /* FlipView.swift */ = {isa = PBXFileReference; lastKnownFileType = sourcecode.swift; path = FlipView.swift; sourceTree = "<group>"; };
		BA7ECC2428754CA600511694 /* FlipClockView.swift */ = {isa = PBXFileReference; lastKnownFileType = sourcecode.swift; path = FlipClockView.swift; sourceTree = "<group>"; };
		BA7ECC2828757D4200511694 /* Coordinator.swift */ = {isa = PBXFileReference; lastKnownFileType = sourcecode.swift; path = Coordinator.swift; sourceTree = "<group>"; };
		BA7ECC2A28757D8A00511694 /* MainCoordinator.swift */ = {isa = PBXFileReference; lastKnownFileType = sourcecode.swift; path = MainCoordinator.swift; sourceTree = "<group>"; };
		BA7ECC2D28759CB200511694 /* SettingsViewController.swift */ = {isa = PBXFileReference; lastKnownFileType = sourcecode.swift; path = SettingsViewController.swift; sourceTree = "<group>"; };
		BA7ECC302875A04D00511694 /* SettingCoordinator.swift */ = {isa = PBXFileReference; lastKnownFileType = sourcecode.swift; path = SettingCoordinator.swift; sourceTree = "<group>"; };
		BA95DE0728671BDD00041A30 /* FlipClock.app */ = {isa = PBXFileReference; explicitFileType = wrapper.application; includeInIndex = 0; path = FlipClock.app; sourceTree = BUILT_PRODUCTS_DIR; };
		BA95DE0A28671BDD00041A30 /* AppDelegate.swift */ = {isa = PBXFileReference; lastKnownFileType = sourcecode.swift; path = AppDelegate.swift; sourceTree = "<group>"; };
		BA95DE0C28671BDD00041A30 /* SceneDelegate.swift */ = {isa = PBXFileReference; lastKnownFileType = sourcecode.swift; path = SceneDelegate.swift; sourceTree = "<group>"; };
		BA95DE0E28671BDD00041A30 /* ViewController.swift */ = {isa = PBXFileReference; lastKnownFileType = sourcecode.swift; path = ViewController.swift; sourceTree = "<group>"; };
		BA95DE1328671BDE00041A30 /* Assets.xcassets */ = {isa = PBXFileReference; lastKnownFileType = folder.assetcatalog; path = Assets.xcassets; sourceTree = "<group>"; };
		BA95DE1628671BDE00041A30 /* Base */ = {isa = PBXFileReference; lastKnownFileType = file.storyboard; name = Base; path = Base.lproj/LaunchScreen.storyboard; sourceTree = "<group>"; };
		BA95DE1828671BDE00041A30 /* Info.plist */ = {isa = PBXFileReference; lastKnownFileType = text.plist.xml; path = Info.plist; sourceTree = "<group>"; };
		BA95DE1E28671EFA00041A30 /* FlipItem.swift */ = {isa = PBXFileReference; lastKnownFileType = sourcecode.swift; path = FlipItem.swift; sourceTree = "<group>"; };
		BAA57DDC28DDFBE500F10197 /* Theme.swift */ = {isa = PBXFileReference; lastKnownFileType = sourcecode.swift; path = Theme.swift; sourceTree = "<group>"; };
		BAA743E828F6E3C400B9A768 /* ThemeHeaderView.swift */ = {isa = PBXFileReference; lastKnownFileType = sourcecode.swift; path = ThemeHeaderView.swift; sourceTree = "<group>"; };
		BAB686C0289AC3F3007D9F77 /* UIColor.swift */ = {isa = PBXFileReference; lastKnownFileType = sourcecode.swift; path = UIColor.swift; sourceTree = "<group>"; };
		BAB686C2289AD754007D9F77 /* UserDefaults.swift */ = {isa = PBXFileReference; lastKnownFileType = sourcecode.swift; path = UserDefaults.swift; sourceTree = "<group>"; };
/* End PBXFileReference section */

/* Begin PBXFrameworksBuildPhase section */
		BA95DE0428671BDD00041A30 /* Frameworks */ = {
			isa = PBXFrameworksBuildPhase;
			buildActionMask = 2147483647;
			files = (
				BA3CFB6428D20C4200F097E1 /* RxCocoa in Frameworks */,
				BA7ECC1E287473F000511694 /* SnapKit in Frameworks */,
				BA3CFB6628D20C4200F097E1 /* RxSwift in Frameworks */,
				BA7ECC2128747BBD00511694 /* Then in Frameworks */,
			);
			runOnlyForDeploymentPostprocessing = 0;
		};
/* End PBXFrameworksBuildPhase section */

/* Begin PBXGroup section */
		BA5FBB0E28796B1A00209EDD /* Sources */ = {
			isa = PBXGroup;
			children = (
				BA02674E29116D940062D231 /* AppCoordinator.swift */,
				BA95DE0A28671BDD00041A30 /* AppDelegate.swift */,
				BA95DE0C28671BDD00041A30 /* SceneDelegate.swift */,
				BA95DE1528671BDE00041A30 /* LaunchScreen.storyboard */,
				BAF2021929116158009AB13B /* Home */,
				BAC6AEB628B07656004F01BF /* SettingsVC */,
				BAC6AEB728B07665004F01BF /* ThemeVC */,
			);
			path = Sources;
			sourceTree = "<group>";
		};
		BA95DDFE28671BDD00041A30 = {
			isa = PBXGroup;
			children = (
				BA95DE0928671BDD00041A30 /* FlipClock */,
				BA95DE0828671BDD00041A30 /* Products */,
			);
			sourceTree = "<group>";
		};
		BA95DE0828671BDD00041A30 /* Products */ = {
			isa = PBXGroup;
			children = (
				BA95DE0728671BDD00041A30 /* FlipClock.app */,
			);
			name = Products;
			sourceTree = "<group>";
		};
		BA95DE0928671BDD00041A30 /* FlipClock */ = {
			isa = PBXGroup;
			children = (
				BAF2021529115D02009AB13B /* Configurations */,
				BA5FBB0E28796B1A00209EDD /* Sources */,
				BA95DE1828671BDE00041A30 /* Info.plist */,
			);
			path = FlipClock;
			sourceTree = "<group>";
		};
		BAB686BE289AC322007D9F77 /* Extensions */ = {
			isa = PBXGroup;
			children = (
				BAB686C0289AC3F3007D9F77 /* UIColor.swift */,
				BAB686C2289AD754007D9F77 /* UserDefaults.swift */,
			);
			path = Extensions;
			sourceTree = "<group>";
		};
		BAC6AEB328B075F7004F01BF /* FlipItem */ = {
			isa = PBXGroup;
			children = (
				BA95DE1E28671EFA00041A30 /* FlipItem.swift */,
				BA6D0F6428AE217900F1EF31 /* FlipItemViewModel.swift */,
				BA3CFB6028D2074400F097E1 /* SnapShotModel.swift */,
				BA6D0F6628AE30B500F1EF31 /* FlipAnimationViewModel.swift */,
			);
			path = FlipItem;
			sourceTree = "<group>";
		};
		BAC6AEB428B0760A004F01BF /* FlipView */ = {
			isa = PBXGroup;
			children = (
				BA7ECC222875293100511694 /* FlipView.swift */,
			);
			path = FlipView;
			sourceTree = "<group>";
		};
		BAC6AEB528B07615004F01BF /* FlipClockView */ = {
			isa = PBXGroup;
			children = (
				BA7ECC2428754CA600511694 /* FlipClockView.swift */,
			);
			path = FlipClockView;
			sourceTree = "<group>";
		};
		BAC6AEB628B07656004F01BF /* SettingsVC */ = {
			isa = PBXGroup;
			children = (
				BA7ECC302875A04D00511694 /* SettingCoordinator.swift */,
				BA77EF872898F03F005CF4F6 /* SettingTableViewCell.swift */,
				BA7ECC2D28759CB200511694 /* SettingsViewController.swift */,
				BA77EF892898F4E4005CF4F6 /* SettingsViewModel.swift */,
			);
			path = SettingsVC;
			sourceTree = "<group>";
		};
		BAC6AEB728B07665004F01BF /* ThemeVC */ = {
			isa = PBXGroup;
			children = (
				BA77EF8E289A0DEC005CF4F6 /* ThemeCoordinator.swift */,
				BAA743E828F6E3C400B9A768 /* ThemeHeaderView.swift */,
				BA77EF92289A23D8005CF4F6 /* ThemeTableViewCell.swift */,
				BA77EF8C28995550005CF4F6 /* ThemeViewController.swift */,
				BA77EF90289A21FC005CF4F6 /* ThemeViewModel.swift */,
			);
			path = ThemeVC;
			sourceTree = "<group>";
		};
		BAF2021529115D02009AB13B /* Configurations */ = {
			isa = PBXGroup;
			children = (
				BAF2021729115DC2009AB13B /* Assets */,
				BAF2021829115DFD009AB13B /* Base */,
				BAF2021629115D4A009AB13B /* Constants */,
				BAB686BE289AC322007D9F77 /* Extensions */,
			);
			path = Configurations;
			sourceTree = "<group>";
		};
		BAF2021629115D4A009AB13B /* Constants */ = {
			isa = PBXGroup;
			children = (
				BAA57DDC28DDFBE500F10197 /* Theme.swift */,
			);
			path = Constants;
			sourceTree = "<group>";
		};
		BAF2021729115DC2009AB13B /* Assets */ = {
			isa = PBXGroup;
			children = (
				BA95DE1328671BDE00041A30 /* Assets.xcassets */,
			);
			path = Assets;
			sourceTree = "<group>";
		};
		BAF2021829115DFD009AB13B /* Base */ = {
			isa = PBXGroup;
			children = (
				BA02674A291168550062D231 /* BaseCoordinator.swift */,
				BA02674C291169050062D231 /* BaseViewController.swift */,
				BA7ECC2828757D4200511694 /* Coordinator.swift */,
			);
			path = Base;
			sourceTree = "<group>";
		};
		BAF2021929116158009AB13B /* Home */ = {
			isa = PBXGroup;
			children = (
				BAC6AEB528B07615004F01BF /* FlipClockView */,
				BAC6AEB428B0760A004F01BF /* FlipView */,
				BAC6AEB328B075F7004F01BF /* FlipItem */,
				BA7ECC2A28757D8A00511694 /* MainCoordinator.swift */,
				BA95DE0E28671BDD00041A30 /* ViewController.swift */,
			);
			path = Home;
			sourceTree = "<group>";
		};
/* End PBXGroup section */

/* Begin PBXNativeTarget section */
		BA95DE0628671BDD00041A30 /* FlipClock */ = {
			isa = PBXNativeTarget;
			buildConfigurationList = BA95DE1B28671BDE00041A30 /* Build configuration list for PBXNativeTarget "FlipClock" */;
			buildPhases = (
				BA95DE0328671BDD00041A30 /* Sources */,
				BA95DE0428671BDD00041A30 /* Frameworks */,
				BA95DE0528671BDD00041A30 /* Resources */,
				BABBAA1028B762860063E7BB /* ShellScript */,
			);
			buildRules = (
			);
			dependencies = (
			);
			name = FlipClock;
			packageProductDependencies = (
				BA7ECC1D287473F000511694 /* SnapKit */,
				BA7ECC2028747BBD00511694 /* Then */,
				BA3CFB6328D20C4200F097E1 /* RxCocoa */,
				BA3CFB6528D20C4200F097E1 /* RxSwift */,
			);
			productName = FlipClock;
			productReference = BA95DE0728671BDD00041A30 /* FlipClock.app */;
			productType = "com.apple.product-type.application";
		};
/* End PBXNativeTarget section */

/* Begin PBXProject section */
		BA95DDFF28671BDD00041A30 /* Project object */ = {
			isa = PBXProject;
			attributes = {
				BuildIndependentTargetsInParallel = 1;
				LastSwiftUpdateCheck = 1340;
				LastUpgradeCheck = 1340;
				TargetAttributes = {
					BA95DE0628671BDD00041A30 = {
						CreatedOnToolsVersion = 13.4.1;
					};
				};
			};
			buildConfigurationList = BA95DE0228671BDD00041A30 /* Build configuration list for PBXProject "FlipClock" */;
			compatibilityVersion = "Xcode 13.0";
			developmentRegion = en;
			hasScannedForEncodings = 0;
			knownRegions = (
				en,
				Base,
			);
			mainGroup = BA95DDFE28671BDD00041A30;
			packageReferences = (
				BA7ECC1C287473F000511694 /* XCRemoteSwiftPackageReference "SnapKit" */,
				BA7ECC1F28747BBD00511694 /* XCRemoteSwiftPackageReference "Then" */,
				BA3CFB6228D20C4200F097E1 /* XCRemoteSwiftPackageReference "RxSwift" */,
			);
			productRefGroup = BA95DE0828671BDD00041A30 /* Products */;
			projectDirPath = "";
			projectRoot = "";
			targets = (
				BA95DE0628671BDD00041A30 /* FlipClock */,
			);
		};
/* End PBXProject section */

/* Begin PBXResourcesBuildPhase section */
		BA95DE0528671BDD00041A30 /* Resources */ = {
			isa = PBXResourcesBuildPhase;
			buildActionMask = 2147483647;
			files = (
				BA95DE1728671BDE00041A30 /* LaunchScreen.storyboard in Resources */,
				BA95DE1428671BDE00041A30 /* Assets.xcassets in Resources */,
			);
			runOnlyForDeploymentPostprocessing = 0;
		};
/* End PBXResourcesBuildPhase section */

/* Begin PBXShellScriptBuildPhase section */
		BABBAA1028B762860063E7BB /* ShellScript */ = {
			isa = PBXShellScriptBuildPhase;
			alwaysOutOfDate = 1;
			buildActionMask = 2147483647;
			files = (
			);
			inputFileListPaths = (
			);
			inputPaths = (
			);
			outputFileListPaths = (
			);
			outputPaths = (
			);
			runOnlyForDeploymentPostprocessing = 0;
			shellPath = /bin/sh;
			shellScript = "export PATH=\"$PATH:/opt/homebrew/bin\"\nif which swiftlint >/dev/null; then\n    if [ \"$CONFIGURATION\" ]; then\n        HOOKS_PATH=$(git config --get core.hooksPath)\n        if [ \".githooks\" != \"$HOOKS_PATH\" ]; then\n            git config core.hooksPath .githooks\n        fi\n    fi\n    swiftlint --fix && swiftlint\nelse\n    echo \"warning: SwiftLint not installed, download from https://github.com/realm/SwiftLint\"\nfi \n\n";
		};
/* End PBXShellScriptBuildPhase section */

/* Begin PBXSourcesBuildPhase section */
		BA95DE0328671BDD00041A30 /* Sources */ = {
			isa = PBXSourcesBuildPhase;
			buildActionMask = 2147483647;
			files = (
				BA77EF882898F03F005CF4F6 /* SettingTableViewCell.swift in Sources */,
				BA7ECC232875293100511694 /* FlipView.swift in Sources */,
				BA02674F29116D940062D231 /* AppCoordinator.swift in Sources */,
				BA77EF8F289A0DEC005CF4F6 /* ThemeCoordinator.swift in Sources */,
				BA77EF8D28995550005CF4F6 /* ThemeViewController.swift in Sources */,
				BA7ECC2B28757D8A00511694 /* MainCoordinator.swift in Sources */,
				BA95DE0F28671BDD00041A30 /* ViewController.swift in Sources */,
				BAB686C1289AC3F3007D9F77 /* UIColor.swift in Sources */,
				BA02674B291168550062D231 /* BaseCoordinator.swift in Sources */,
				BA7ECC2528754CA600511694 /* FlipClockView.swift in Sources */,
				BA95DE1F28671EFA00041A30 /* FlipItem.swift in Sources */,
				BA95DE0B28671BDD00041A30 /* AppDelegate.swift in Sources */,
				BA77EF93289A23D8005CF4F6 /* ThemeTableViewCell.swift in Sources */,
				BA95DE0D28671BDD00041A30 /* SceneDelegate.swift in Sources */,
				BA6D0F6528AE217900F1EF31 /* FlipItemViewModel.swift in Sources */,
				BA77EF91289A21FC005CF4F6 /* ThemeViewModel.swift in Sources */,
				BA7ECC312875A04D00511694 /* SettingCoordinator.swift in Sources */,
				BAA57DDD28DDFBE500F10197 /* Theme.swift in Sources */,
				BAB686C3289AD754007D9F77 /* UserDefaults.swift in Sources */,
				BA7ECC2928757D4200511694 /* Coordinator.swift in Sources */,
				BA3CFB6128D2074400F097E1 /* SnapShotModel.swift in Sources */,
				BA02674D291169050062D231 /* BaseViewController.swift in Sources */,
				BA7ECC2E28759CB200511694 /* SettingsViewController.swift in Sources */,
				BAA743E928F6E3C400B9A768 /* ThemeHeaderView.swift in Sources */,
				BA6D0F6728AE30B500F1EF31 /* FlipAnimationViewModel.swift in Sources */,
				BA77EF8A2898F4E4005CF4F6 /* SettingsViewModel.swift in Sources */,
			);
			runOnlyForDeploymentPostprocessing = 0;
		};
/* End PBXSourcesBuildPhase section */

/* Begin PBXVariantGroup section */
		BA95DE1528671BDE00041A30 /* LaunchScreen.storyboard */ = {
			isa = PBXVariantGroup;
			children = (
				BA95DE1628671BDE00041A30 /* Base */,
			);
			name = LaunchScreen.storyboard;
			sourceTree = "<group>";
		};
/* End PBXVariantGroup section */

/* Begin XCBuildConfiguration section */
		BA95DE1928671BDE00041A30 /* Debug */ = {
			isa = XCBuildConfiguration;
			buildSettings = {
				ALWAYS_SEARCH_USER_PATHS = NO;
				CLANG_ANALYZER_NONNULL = YES;
				CLANG_ANALYZER_NUMBER_OBJECT_CONVERSION = YES_AGGRESSIVE;
				CLANG_CXX_LANGUAGE_STANDARD = "gnu++17";
				CLANG_ENABLE_MODULES = YES;
				CLANG_ENABLE_OBJC_ARC = YES;
				CLANG_ENABLE_OBJC_WEAK = YES;
				CLANG_WARN_BLOCK_CAPTURE_AUTORELEASING = YES;
				CLANG_WARN_BOOL_CONVERSION = YES;
				CLANG_WARN_COMMA = YES;
				CLANG_WARN_CONSTANT_CONVERSION = YES;
				CLANG_WARN_DEPRECATED_OBJC_IMPLEMENTATIONS = YES;
				CLANG_WARN_DIRECT_OBJC_ISA_USAGE = YES_ERROR;
				CLANG_WARN_DOCUMENTATION_COMMENTS = YES;
				CLANG_WARN_EMPTY_BODY = YES;
				CLANG_WARN_ENUM_CONVERSION = YES;
				CLANG_WARN_INFINITE_RECURSION = YES;
				CLANG_WARN_INT_CONVERSION = YES;
				CLANG_WARN_NON_LITERAL_NULL_CONVERSION = YES;
				CLANG_WARN_OBJC_IMPLICIT_RETAIN_SELF = YES;
				CLANG_WARN_OBJC_LITERAL_CONVERSION = YES;
				CLANG_WARN_OBJC_ROOT_CLASS = YES_ERROR;
				CLANG_WARN_QUOTED_INCLUDE_IN_FRAMEWORK_HEADER = YES;
				CLANG_WARN_RANGE_LOOP_ANALYSIS = YES;
				CLANG_WARN_STRICT_PROTOTYPES = YES;
				CLANG_WARN_SUSPICIOUS_MOVE = YES;
				CLANG_WARN_UNGUARDED_AVAILABILITY = YES_AGGRESSIVE;
				CLANG_WARN_UNREACHABLE_CODE = YES;
				CLANG_WARN__DUPLICATE_METHOD_MATCH = YES;
				COPY_PHASE_STRIP = NO;
				DEBUG_INFORMATION_FORMAT = dwarf;
				ENABLE_STRICT_OBJC_MSGSEND = YES;
				ENABLE_TESTABILITY = YES;
				GCC_C_LANGUAGE_STANDARD = gnu11;
				GCC_DYNAMIC_NO_PIC = NO;
				GCC_NO_COMMON_BLOCKS = YES;
				GCC_OPTIMIZATION_LEVEL = 0;
				GCC_PREPROCESSOR_DEFINITIONS = (
					"DEBUG=1",
					"$(inherited)",
				);
				GCC_WARN_64_TO_32_BIT_CONVERSION = YES;
				GCC_WARN_ABOUT_RETURN_TYPE = YES_ERROR;
				GCC_WARN_UNDECLARED_SELECTOR = YES;
				GCC_WARN_UNINITIALIZED_AUTOS = YES_AGGRESSIVE;
				GCC_WARN_UNUSED_FUNCTION = YES;
				GCC_WARN_UNUSED_VARIABLE = YES;
				IPHONEOS_DEPLOYMENT_TARGET = 15.5;
				MTL_ENABLE_DEBUG_INFO = INCLUDE_SOURCE;
				MTL_FAST_MATH = YES;
				ONLY_ACTIVE_ARCH = YES;
				SDKROOT = iphoneos;
				SWIFT_ACTIVE_COMPILATION_CONDITIONS = DEBUG;
				SWIFT_OPTIMIZATION_LEVEL = "-Onone";
			};
			name = Debug;
		};
		BA95DE1A28671BDE00041A30 /* Release */ = {
			isa = XCBuildConfiguration;
			buildSettings = {
				ALWAYS_SEARCH_USER_PATHS = NO;
				CLANG_ANALYZER_NONNULL = YES;
				CLANG_ANALYZER_NUMBER_OBJECT_CONVERSION = YES_AGGRESSIVE;
				CLANG_CXX_LANGUAGE_STANDARD = "gnu++17";
				CLANG_ENABLE_MODULES = YES;
				CLANG_ENABLE_OBJC_ARC = YES;
				CLANG_ENABLE_OBJC_WEAK = YES;
				CLANG_WARN_BLOCK_CAPTURE_AUTORELEASING = YES;
				CLANG_WARN_BOOL_CONVERSION = YES;
				CLANG_WARN_COMMA = YES;
				CLANG_WARN_CONSTANT_CONVERSION = YES;
				CLANG_WARN_DEPRECATED_OBJC_IMPLEMENTATIONS = YES;
				CLANG_WARN_DIRECT_OBJC_ISA_USAGE = YES_ERROR;
				CLANG_WARN_DOCUMENTATION_COMMENTS = YES;
				CLANG_WARN_EMPTY_BODY = YES;
				CLANG_WARN_ENUM_CONVERSION = YES;
				CLANG_WARN_INFINITE_RECURSION = YES;
				CLANG_WARN_INT_CONVERSION = YES;
				CLANG_WARN_NON_LITERAL_NULL_CONVERSION = YES;
				CLANG_WARN_OBJC_IMPLICIT_RETAIN_SELF = YES;
				CLANG_WARN_OBJC_LITERAL_CONVERSION = YES;
				CLANG_WARN_OBJC_ROOT_CLASS = YES_ERROR;
				CLANG_WARN_QUOTED_INCLUDE_IN_FRAMEWORK_HEADER = YES;
				CLANG_WARN_RANGE_LOOP_ANALYSIS = YES;
				CLANG_WARN_STRICT_PROTOTYPES = YES;
				CLANG_WARN_SUSPICIOUS_MOVE = YES;
				CLANG_WARN_UNGUARDED_AVAILABILITY = YES_AGGRESSIVE;
				CLANG_WARN_UNREACHABLE_CODE = YES;
				CLANG_WARN__DUPLICATE_METHOD_MATCH = YES;
				COPY_PHASE_STRIP = NO;
				DEBUG_INFORMATION_FORMAT = "dwarf-with-dsym";
				ENABLE_NS_ASSERTIONS = NO;
				ENABLE_STRICT_OBJC_MSGSEND = YES;
				GCC_C_LANGUAGE_STANDARD = gnu11;
				GCC_NO_COMMON_BLOCKS = YES;
				GCC_WARN_64_TO_32_BIT_CONVERSION = YES;
				GCC_WARN_ABOUT_RETURN_TYPE = YES_ERROR;
				GCC_WARN_UNDECLARED_SELECTOR = YES;
				GCC_WARN_UNINITIALIZED_AUTOS = YES_AGGRESSIVE;
				GCC_WARN_UNUSED_FUNCTION = YES;
				GCC_WARN_UNUSED_VARIABLE = YES;
				IPHONEOS_DEPLOYMENT_TARGET = 15.5;
				MTL_ENABLE_DEBUG_INFO = NO;
				MTL_FAST_MATH = YES;
				SDKROOT = iphoneos;
				SWIFT_COMPILATION_MODE = wholemodule;
				SWIFT_OPTIMIZATION_LEVEL = "-O";
				VALIDATE_PRODUCT = YES;
			};
			name = Release;
		};
		BA95DE1C28671BDE00041A30 /* Debug */ = {
			isa = XCBuildConfiguration;
			buildSettings = {
				ASSETCATALOG_COMPILER_APPICON_NAME = AppIcon;
				ASSETCATALOG_COMPILER_GLOBAL_ACCENT_COLOR_NAME = AccentColor;
				CODE_SIGN_STYLE = Automatic;
				CURRENT_PROJECT_VERSION = 1;
				DEVELOPMENT_TEAM = 2ZQR76M3UH;
				GENERATE_INFOPLIST_FILE = YES;
				INFOPLIST_FILE = FlipClock/Info.plist;
				INFOPLIST_KEY_UIApplicationSupportsIndirectInputEvents = YES;
				INFOPLIST_KEY_UILaunchStoryboardName = LaunchScreen;
				INFOPLIST_KEY_UISupportedInterfaceOrientations = "";
				INFOPLIST_KEY_UISupportedInterfaceOrientations_iPad = "UIInterfaceOrientationPortrait UIInterfaceOrientationPortraitUpsideDown UIInterfaceOrientationLandscapeLeft UIInterfaceOrientationLandscapeRight";
				INFOPLIST_KEY_UISupportedInterfaceOrientations_iPhone = "UIInterfaceOrientationPortrait UIInterfaceOrientationLandscapeLeft UIInterfaceOrientationLandscapeRight";
				LD_RUNPATH_SEARCH_PATHS = (
					"$(inherited)",
					"@executable_path/Frameworks",
				);
				MARKETING_VERSION = 1.0;
				PRODUCT_BUNDLE_IDENTIFIER = com.whitehyun.FlipClock;
				PRODUCT_NAME = "$(TARGET_NAME)";
				SWIFT_EMIT_LOC_STRINGS = YES;
				SWIFT_VERSION = 5.0;
				TARGETED_DEVICE_FAMILY = "1,2";
			};
			name = Debug;
		};
		BA95DE1D28671BDE00041A30 /* Release */ = {
			isa = XCBuildConfiguration;
			buildSettings = {
				ASSETCATALOG_COMPILER_APPICON_NAME = AppIcon;
				ASSETCATALOG_COMPILER_GLOBAL_ACCENT_COLOR_NAME = AccentColor;
				CODE_SIGN_STYLE = Automatic;
				CURRENT_PROJECT_VERSION = 1;
				DEVELOPMENT_TEAM = 2ZQR76M3UH;
				GENERATE_INFOPLIST_FILE = YES;
				INFOPLIST_FILE = FlipClock/Info.plist;
				INFOPLIST_KEY_UIApplicationSupportsIndirectInputEvents = YES;
				INFOPLIST_KEY_UILaunchStoryboardName = LaunchScreen;
				INFOPLIST_KEY_UISupportedInterfaceOrientations = "";
				INFOPLIST_KEY_UISupportedInterfaceOrientations_iPad = "UIInterfaceOrientationPortrait UIInterfaceOrientationPortraitUpsideDown UIInterfaceOrientationLandscapeLeft UIInterfaceOrientationLandscapeRight";
				INFOPLIST_KEY_UISupportedInterfaceOrientations_iPhone = "UIInterfaceOrientationPortrait UIInterfaceOrientationLandscapeLeft UIInterfaceOrientationLandscapeRight";
				LD_RUNPATH_SEARCH_PATHS = (
					"$(inherited)",
					"@executable_path/Frameworks",
				);
				MARKETING_VERSION = 1.0;
				PRODUCT_BUNDLE_IDENTIFIER = com.whitehyun.FlipClock;
				PRODUCT_NAME = "$(TARGET_NAME)";
				SWIFT_EMIT_LOC_STRINGS = YES;
				SWIFT_VERSION = 5.0;
				TARGETED_DEVICE_FAMILY = "1,2";
			};
			name = Release;
		};
/* End XCBuildConfiguration section */

/* Begin XCConfigurationList section */
		BA95DE0228671BDD00041A30 /* Build configuration list for PBXProject "FlipClock" */ = {
			isa = XCConfigurationList;
			buildConfigurations = (
				BA95DE1928671BDE00041A30 /* Debug */,
				BA95DE1A28671BDE00041A30 /* Release */,
			);
			defaultConfigurationIsVisible = 0;
			defaultConfigurationName = Release;
		};
		BA95DE1B28671BDE00041A30 /* Build configuration list for PBXNativeTarget "FlipClock" */ = {
			isa = XCConfigurationList;
			buildConfigurations = (
				BA95DE1C28671BDE00041A30 /* Debug */,
				BA95DE1D28671BDE00041A30 /* Release */,
			);
			defaultConfigurationIsVisible = 0;
			defaultConfigurationName = Release;
		};
/* End XCConfigurationList section */

/* Begin XCRemoteSwiftPackageReference section */
		BA3CFB6228D20C4200F097E1 /* XCRemoteSwiftPackageReference "RxSwift" */ = {
			isa = XCRemoteSwiftPackageReference;
			repositoryURL = "https://github.com/ReactiveX/RxSwift";
			requirement = {
				branch = main;
				kind = branch;
			};
		};
		BA7ECC1C287473F000511694 /* XCRemoteSwiftPackageReference "SnapKit" */ = {
			isa = XCRemoteSwiftPackageReference;
			repositoryURL = "https://github.com/SnapKit/SnapKit.git";
			requirement = {
				branch = develop;
				kind = branch;
			};
		};
		BA7ECC1F28747BBD00511694 /* XCRemoteSwiftPackageReference "Then" */ = {
			isa = XCRemoteSwiftPackageReference;
			repositoryURL = "https://github.com/devxoul/Then.git";
			requirement = {
				branch = master;
				kind = branch;
			};
		};
/* End XCRemoteSwiftPackageReference section */

/* Begin XCSwiftPackageProductDependency section */
		BA3CFB6328D20C4200F097E1 /* RxCocoa */ = {
			isa = XCSwiftPackageProductDependency;
			package = BA3CFB6228D20C4200F097E1 /* XCRemoteSwiftPackageReference "RxSwift" */;
			productName = RxCocoa;
		};
		BA3CFB6528D20C4200F097E1 /* RxSwift */ = {
			isa = XCSwiftPackageProductDependency;
			package = BA3CFB6228D20C4200F097E1 /* XCRemoteSwiftPackageReference "RxSwift" */;
			productName = RxSwift;
		};
		BA7ECC1D287473F000511694 /* SnapKit */ = {
			isa = XCSwiftPackageProductDependency;
			package = BA7ECC1C287473F000511694 /* XCRemoteSwiftPackageReference "SnapKit" */;
			productName = SnapKit;
		};
		BA7ECC2028747BBD00511694 /* Then */ = {
			isa = XCSwiftPackageProductDependency;
			package = BA7ECC1F28747BBD00511694 /* XCRemoteSwiftPackageReference "Then" */;
			productName = Then;
		};
/* End XCSwiftPackageProductDependency section */
	};
	rootObject = BA95DDFF28671BDD00041A30 /* Project object */;
}
